// !$*UTF8*$!
{
	archiveVersion = 1;
	classes = {
	};
	objectVersion = 50;
	objects = {

/* Begin PBXBuildFile section */
		151482762228637100007BC1 /* AppDelegate.swift in Sources */ = {isa = PBXBuildFile; fileRef = 151482752228637100007BC1 /* AppDelegate.swift */; };
		151482782228637100007BC1 /* MainScreenVC.swift in Sources */ = {isa = PBXBuildFile; fileRef = 151482772228637100007BC1 /* MainScreenVC.swift */; };
		1514827B2228637100007BC1 /* Main.storyboard in Resources */ = {isa = PBXBuildFile; fileRef = 151482792228637100007BC1 /* Main.storyboard */; };
		1514827E2228637100007BC1 /* Task_Manager.xcdatamodeld in Sources */ = {isa = PBXBuildFile; fileRef = 1514827C2228637100007BC1 /* Task_Manager.xcdatamodeld */; };
		151482802228637400007BC1 /* Assets.xcassets in Resources */ = {isa = PBXBuildFile; fileRef = 1514827F2228637400007BC1 /* Assets.xcassets */; };
		151482832228637400007BC1 /* LaunchScreen.storyboard in Resources */ = {isa = PBXBuildFile; fileRef = 151482812228637400007BC1 /* LaunchScreen.storyboard */; };
		1514829022286B6700007BC1 /* TaskDetailsScreenVC.swift in Sources */ = {isa = PBXBuildFile; fileRef = 1514828F22286B6700007BC1 /* TaskDetailsScreenVC.swift */; };
		1514829222286BA400007BC1 /* SettingsScreenVC.swift in Sources */ = {isa = PBXBuildFile; fileRef = 1514829122286BA400007BC1 /* SettingsScreenVC.swift */; };
		151482942228713D00007BC1 /* Constants.swift in Sources */ = {isa = PBXBuildFile; fileRef = 151482932228713C00007BC1 /* Constants.swift */; };
		151482972228FCD400007BC1 /* UIColorExtension.swift in Sources */ = {isa = PBXBuildFile; fileRef = 151482962228FCD400007BC1 /* UIColorExtension.swift */; };
		1514829A22290F0200007BC1 /* TaskTableDataSource.swift in Sources */ = {isa = PBXBuildFile; fileRef = 1514829922290F0200007BC1 /* TaskTableDataSource.swift */; };
		1514829C2229117000007BC1 /* TaskViewTableViewCell.swift in Sources */ = {isa = PBXBuildFile; fileRef = 1514829B2229117000007BC1 /* TaskViewTableViewCell.swift */; };
		1514829F2229181500007BC1 /* DataManager.swift in Sources */ = {isa = PBXBuildFile; fileRef = 1514829E2229181500007BC1 /* DataManager.swift */; };
		151482A52229AAB800007BC1 /* PersistentStorageManager.swift in Sources */ = {isa = PBXBuildFile; fileRef = 151482A42229AAB800007BC1 /* PersistentStorageManager.swift */; };
		151482A8222A4C3200007BC1 /* TaskNameTextView.swift in Sources */ = {isa = PBXBuildFile; fileRef = 151482A7222A4C3200007BC1 /* TaskNameTextView.swift */; };
		15CA1B6C222A5E78000A1C93 /* TaskCategoryTextField.swift in Sources */ = {isa = PBXBuildFile; fileRef = 15CA1B6B222A5E78000A1C93 /* TaskCategoryTextField.swift */; };
		15CA1B6E222A6B66000A1C93 /* TaskDatePicker.swift in Sources */ = {isa = PBXBuildFile; fileRef = 15CA1B6D222A6B66000A1C93 /* TaskDatePicker.swift */; };
		15CA1B70222A6E2B000A1C93 /* DateExtension.swift in Sources */ = {isa = PBXBuildFile; fileRef = 15CA1B6F222A6E2B000A1C93 /* DateExtension.swift */; };
		15CA1B72222A7895000A1C93 /* TaskColourPalette.swift in Sources */ = {isa = PBXBuildFile; fileRef = 15CA1B71222A7895000A1C93 /* TaskColourPalette.swift */; };
		15CA1B74222B9EE0000A1C93 /* StringExtension.swift in Sources */ = {isa = PBXBuildFile; fileRef = 15CA1B73222B9EE0000A1C93 /* StringExtension.swift */; };
		15EA5A4E2234CC1400F9C675 /* UIViewControllerExtension.swift in Sources */ = {isa = PBXBuildFile; fileRef = 15EA5A4D2234CC1400F9C675 /* UIViewControllerExtension.swift */; };
/* End PBXBuildFile section */

/* Begin PBXFileReference section */
		151482722228637100007BC1 /* Task Manager.app */ = {isa = PBXFileReference; explicitFileType = wrapper.application; includeInIndex = 0; path = "Task Manager.app"; sourceTree = BUILT_PRODUCTS_DIR; };
		151482752228637100007BC1 /* AppDelegate.swift */ = {isa = PBXFileReference; lastKnownFileType = sourcecode.swift; path = AppDelegate.swift; sourceTree = "<group>"; };
		151482772228637100007BC1 /* MainScreenVC.swift */ = {isa = PBXFileReference; lastKnownFileType = sourcecode.swift; path = MainScreenVC.swift; sourceTree = "<group>"; };
		1514827A2228637100007BC1 /* Base */ = {isa = PBXFileReference; lastKnownFileType = file.storyboard; name = Base; path = Base.lproj/Main.storyboard; sourceTree = "<group>"; };
		1514827D2228637100007BC1 /* Task_Manager.xcdatamodel */ = {isa = PBXFileReference; lastKnownFileType = wrapper.xcdatamodel; path = Task_Manager.xcdatamodel; sourceTree = "<group>"; };
		1514827F2228637400007BC1 /* Assets.xcassets */ = {isa = PBXFileReference; lastKnownFileType = folder.assetcatalog; path = Assets.xcassets; sourceTree = "<group>"; };
		151482822228637400007BC1 /* Base */ = {isa = PBXFileReference; lastKnownFileType = file.storyboard; name = Base; path = Base.lproj/LaunchScreen.storyboard; sourceTree = "<group>"; };
		151482842228637400007BC1 /* Info.plist */ = {isa = PBXFileReference; lastKnownFileType = text.plist.xml; path = Info.plist; sourceTree = "<group>"; };
		1514828F22286B6700007BC1 /* TaskDetailsScreenVC.swift */ = {isa = PBXFileReference; lastKnownFileType = sourcecode.swift; path = TaskDetailsScreenVC.swift; sourceTree = "<group>"; };
		1514829122286BA400007BC1 /* SettingsScreenVC.swift */ = {isa = PBXFileReference; lastKnownFileType = sourcecode.swift; path = SettingsScreenVC.swift; sourceTree = "<group>"; };
		151482932228713C00007BC1 /* Constants.swift */ = {isa = PBXFileReference; lastKnownFileType = sourcecode.swift; path = Constants.swift; sourceTree = "<group>"; };
		151482962228FCD400007BC1 /* UIColorExtension.swift */ = {isa = PBXFileReference; lastKnownFileType = sourcecode.swift; path = UIColorExtension.swift; sourceTree = "<group>"; };
		1514829922290F0200007BC1 /* TaskTableDataSource.swift */ = {isa = PBXFileReference; lastKnownFileType = sourcecode.swift; path = TaskTableDataSource.swift; sourceTree = "<group>"; };
		1514829B2229117000007BC1 /* TaskViewTableViewCell.swift */ = {isa = PBXFileReference; lastKnownFileType = sourcecode.swift; path = TaskViewTableViewCell.swift; sourceTree = "<group>"; };
		1514829E2229181500007BC1 /* DataManager.swift */ = {isa = PBXFileReference; lastKnownFileType = sourcecode.swift; path = DataManager.swift; sourceTree = "<group>"; };
		151482A42229AAB800007BC1 /* PersistentStorageManager.swift */ = {isa = PBXFileReference; lastKnownFileType = sourcecode.swift; path = PersistentStorageManager.swift; sourceTree = "<group>"; };
		151482A7222A4C3200007BC1 /* TaskNameTextView.swift */ = {isa = PBXFileReference; lastKnownFileType = sourcecode.swift; path = TaskNameTextView.swift; sourceTree = "<group>"; };
		15CA1B6B222A5E78000A1C93 /* TaskCategoryTextField.swift */ = {isa = PBXFileReference; lastKnownFileType = sourcecode.swift; path = TaskCategoryTextField.swift; sourceTree = "<group>"; };
		15CA1B6D222A6B66000A1C93 /* TaskDatePicker.swift */ = {isa = PBXFileReference; lastKnownFileType = sourcecode.swift; path = TaskDatePicker.swift; sourceTree = "<group>"; };
		15CA1B6F222A6E2B000A1C93 /* DateExtension.swift */ = {isa = PBXFileReference; lastKnownFileType = sourcecode.swift; path = DateExtension.swift; sourceTree = "<group>"; };
		15CA1B71222A7895000A1C93 /* TaskColourPalette.swift */ = {isa = PBXFileReference; lastKnownFileType = sourcecode.swift; path = TaskColourPalette.swift; sourceTree = "<group>"; };
		15CA1B73222B9EE0000A1C93 /* StringExtension.swift */ = {isa = PBXFileReference; lastKnownFileType = sourcecode.swift; path = StringExtension.swift; sourceTree = "<group>"; };
		15EA5A4D2234CC1400F9C675 /* UIViewControllerExtension.swift */ = {isa = PBXFileReference; lastKnownFileType = sourcecode.swift; path = UIViewControllerExtension.swift; sourceTree = "<group>"; };
/* End PBXFileReference section */

/* Begin PBXFrameworksBuildPhase section */
		1514826F2228637100007BC1 /* Frameworks */ = {
			isa = PBXFrameworksBuildPhase;
			buildActionMask = 2147483647;
			files = (
			);
			runOnlyForDeploymentPostprocessing = 0;
		};
/* End PBXFrameworksBuildPhase section */

/* Begin PBXGroup section */
		151482692228637100007BC1 = {
			isa = PBXGroup;
			children = (
				151482742228637100007BC1 /* Task Manager */,
				151482732228637100007BC1 /* Products */,
			);
			sourceTree = "<group>";
		};
		151482732228637100007BC1 /* Products */ = {
			isa = PBXGroup;
			children = (
				151482722228637100007BC1 /* Task Manager.app */,
			);
			name = Products;
			sourceTree = "<group>";
		};
		151482742228637100007BC1 /* Task Manager */ = {
			isa = PBXGroup;
			children = (
				151482752228637100007BC1 /* AppDelegate.swift */,
				151482842228637400007BC1 /* Info.plist */,
				1514828C222863B800007BC1 /* Model */,
				1514828B222863A800007BC1 /* Views */,
				1514828A2228639400007BC1 /* Controllers */,
				1514828E2228643C00007BC1 /* Resources */,
				15148295222874E100007BC1 /* Supporting files */,
			);
			path = "Task Manager";
			sourceTree = "<group>";
		};
		1514828A2228639400007BC1 /* Controllers */ = {
			isa = PBXGroup;
			children = (
				151482772228637100007BC1 /* MainScreenVC.swift */,
				1514828F22286B6700007BC1 /* TaskDetailsScreenVC.swift */,
				1514829122286BA400007BC1 /* SettingsScreenVC.swift */,
			);
			path = Controllers;
			sourceTree = "<group>";
		};
		1514828B222863A800007BC1 /* Views */ = {
			isa = PBXGroup;
			children = (
				15CA1B75222BAD50000A1C93 /* TableView Cells */,
				151482A6222A4C0800007BC1 /* UI Elements */,
				151482792228637100007BC1 /* Main.storyboard */,
				151482812228637400007BC1 /* LaunchScreen.storyboard */,
			);
			path = Views;
			sourceTree = "<group>";
		};
		1514828C222863B800007BC1 /* Model */ = {
			isa = PBXGroup;
			children = (
				1514829D222917DB00007BC1 /* TableViewData */,
				1514828D2228640100007BC1 /* Core Data */,
			);
			path = Model;
			sourceTree = "<group>";
		};
		1514828D2228640100007BC1 /* Core Data */ = {
			isa = PBXGroup;
			children = (
				151482A42229AAB800007BC1 /* PersistentStorageManager.swift */,
				1514827C2228637100007BC1 /* Task_Manager.xcdatamodeld */,
			);
			path = "Core Data";
			sourceTree = "<group>";
		};
		1514828E2228643C00007BC1 /* Resources */ = {
			isa = PBXGroup;
			children = (
				1514827F2228637400007BC1 /* Assets.xcassets */,
			);
			path = Resources;
			sourceTree = "<group>";
		};
		15148295222874E100007BC1 /* Supporting files */ = {
			isa = PBXGroup;
			children = (
				1514829822290BBF00007BC1 /* Extensions */,
				151482932228713C00007BC1 /* Constants.swift */,
			);
			path = "Supporting files";
			sourceTree = "<group>";
		};
		1514829822290BBF00007BC1 /* Extensions */ = {
			isa = PBXGroup;
			children = (
				151482962228FCD400007BC1 /* UIColorExtension.swift */,
				15CA1B6F222A6E2B000A1C93 /* DateExtension.swift */,
				15CA1B73222B9EE0000A1C93 /* StringExtension.swift */,
				15EA5A4D2234CC1400F9C675 /* UIViewControllerExtension.swift */,
			);
			path = Extensions;
			sourceTree = "<group>";
		};
		1514829D222917DB00007BC1 /* TableViewData */ = {
			isa = PBXGroup;
			children = (
				1514829922290F0200007BC1 /* TaskTableDataSource.swift */,
				1514829E2229181500007BC1 /* DataManager.swift */,
			);
			path = TableViewData;
			sourceTree = "<group>";
		};
		151482A6222A4C0800007BC1 /* UI Elements */ = {
			isa = PBXGroup;
			children = (
				151482A7222A4C3200007BC1 /* TaskNameTextView.swift */,
				15CA1B6B222A5E78000A1C93 /* TaskCategoryTextField.swift */,
				15CA1B6D222A6B66000A1C93 /* TaskDatePicker.swift */,
				15CA1B71222A7895000A1C93 /* TaskColourPalette.swift */,
			);
			path = "UI Elements";
			sourceTree = "<group>";
		};
		15CA1B75222BAD50000A1C93 /* TableView Cells */ = {
			isa = PBXGroup;
			children = (
				1514829B2229117000007BC1 /* TaskViewTableViewCell.swift */,
			);
			path = "TableView Cells";
			sourceTree = "<group>";
		};
/* End PBXGroup section */

/* Begin PBXNativeTarget section */
		151482712228637100007BC1 /* Task Manager */ = {
			isa = PBXNativeTarget;
			buildConfigurationList = 151482872228637400007BC1 /* Build configuration list for PBXNativeTarget "Task Manager" */;
			buildPhases = (
				1514826E2228637100007BC1 /* Sources */,
				1514826F2228637100007BC1 /* Frameworks */,
				151482702228637100007BC1 /* Resources */,
			);
			buildRules = (
			);
			dependencies = (
			);
			name = "Task Manager";
			productName = "Task Manager";
			productReference = 151482722228637100007BC1 /* Task Manager.app */;
			productType = "com.apple.product-type.application";
		};
/* End PBXNativeTarget section */

/* Begin PBXProject section */
		1514826A2228637100007BC1 /* Project object */ = {
			isa = PBXProject;
			attributes = {
				LastSwiftUpdateCheck = 1010;
				LastUpgradeCheck = 1010;
				ORGANIZATIONNAME = siguena;
				TargetAttributes = {
					151482712228637100007BC1 = {
						CreatedOnToolsVersion = 10.1;
					};
				};
			};
			buildConfigurationList = 1514826D2228637100007BC1 /* Build configuration list for PBXProject "Task Manager" */;
			compatibilityVersion = "Xcode 9.3";
			developmentRegion = en;
			hasScannedForEncodings = 0;
			knownRegions = (
				en,
				Base,
			);
			mainGroup = 151482692228637100007BC1;
			productRefGroup = 151482732228637100007BC1 /* Products */;
			projectDirPath = "";
			projectRoot = "";
			targets = (
				151482712228637100007BC1 /* Task Manager */,
			);
		};
/* End PBXProject section */

/* Begin PBXResourcesBuildPhase section */
		151482702228637100007BC1 /* Resources */ = {
			isa = PBXResourcesBuildPhase;
			buildActionMask = 2147483647;
			files = (
				151482832228637400007BC1 /* LaunchScreen.storyboard in Resources */,
				151482802228637400007BC1 /* Assets.xcassets in Resources */,
				1514827B2228637100007BC1 /* Main.storyboard in Resources */,
			);
			runOnlyForDeploymentPostprocessing = 0;
		};
/* End PBXResourcesBuildPhase section */

/* Begin PBXSourcesBuildPhase section */
		1514826E2228637100007BC1 /* Sources */ = {
			isa = PBXSourcesBuildPhase;
			buildActionMask = 2147483647;
			files = (
				1514829C2229117000007BC1 /* TaskViewTableViewCell.swift in Sources */,
				151482A8222A4C3200007BC1 /* TaskNameTextView.swift in Sources */,
				15CA1B70222A6E2B000A1C93 /* DateExtension.swift in Sources */,
				15CA1B6E222A6B66000A1C93 /* TaskDatePicker.swift in Sources */,
				1514829F2229181500007BC1 /* DataManager.swift in Sources */,
				15CA1B6C222A5E78000A1C93 /* TaskCategoryTextField.swift in Sources */,
				151482782228637100007BC1 /* MainScreenVC.swift in Sources */,
				1514829222286BA400007BC1 /* SettingsScreenVC.swift in Sources */,
				15CA1B72222A7895000A1C93 /* TaskColourPalette.swift in Sources */,
				15CA1B74222B9EE0000A1C93 /* StringExtension.swift in Sources */,
				1514829A22290F0200007BC1 /* TaskTableDataSource.swift in Sources */,
				151482762228637100007BC1 /* AppDelegate.swift in Sources */,
				15EA5A4E2234CC1400F9C675 /* UIViewControllerExtension.swift in Sources */,
				1514829022286B6700007BC1 /* TaskDetailsScreenVC.swift in Sources */,
				1514827E2228637100007BC1 /* Task_Manager.xcdatamodeld in Sources */,
				151482972228FCD400007BC1 /* UIColorExtension.swift in Sources */,
				151482A52229AAB800007BC1 /* PersistentStorageManager.swift in Sources */,
				151482942228713D00007BC1 /* Constants.swift in Sources */,
			);
			runOnlyForDeploymentPostprocessing = 0;
		};
/* End PBXSourcesBuildPhase section */

/* Begin PBXVariantGroup section */
		151482792228637100007BC1 /* Main.storyboard */ = {
			isa = PBXVariantGroup;
			children = (
				1514827A2228637100007BC1 /* Base */,
			);
			name = Main.storyboard;
			sourceTree = "<group>";
		};
		151482812228637400007BC1 /* LaunchScreen.storyboard */ = {
			isa = PBXVariantGroup;
			children = (
				151482822228637400007BC1 /* Base */,
			);
			name = LaunchScreen.storyboard;
			sourceTree = "<group>";
		};
/* End PBXVariantGroup section */

/* Begin XCBuildConfiguration section */
		151482852228637400007BC1 /* Debug */ = {
			isa = XCBuildConfiguration;
			buildSettings = {
				ALWAYS_SEARCH_USER_PATHS = NO;
				CLANG_ANALYZER_NONNULL = YES;
				CLANG_ANALYZER_NUMBER_OBJECT_CONVERSION = YES_AGGRESSIVE;
				CLANG_CXX_LANGUAGE_STANDARD = "gnu++14";
				CLANG_CXX_LIBRARY = "libc++";
				CLANG_ENABLE_MODULES = YES;
				CLANG_ENABLE_OBJC_ARC = YES;
				CLANG_ENABLE_OBJC_WEAK = YES;
				CLANG_WARN_BLOCK_CAPTURE_AUTORELEASING = YES;
				CLANG_WARN_BOOL_CONVERSION = YES;
				CLANG_WARN_COMMA = YES;
				CLANG_WARN_CONSTANT_CONVERSION = YES;
				CLANG_WARN_DEPRECATED_OBJC_IMPLEMENTATIONS = YES;
				CLANG_WARN_DIRECT_OBJC_ISA_USAGE = YES_ERROR;
				CLANG_WARN_DOCUMENTATION_COMMENTS = YES;
				CLANG_WARN_EMPTY_BODY = YES;
				CLANG_WARN_ENUM_CONVERSION = YES;
				CLANG_WARN_INFINITE_RECURSION = YES;
				CLANG_WARN_INT_CONVERSION = YES;
				CLANG_WARN_NON_LITERAL_NULL_CONVERSION = YES;
				CLANG_WARN_OBJC_IMPLICIT_RETAIN_SELF = YES;
				CLANG_WARN_OBJC_LITERAL_CONVERSION = YES;
				CLANG_WARN_OBJC_ROOT_CLASS = YES_ERROR;
				CLANG_WARN_RANGE_LOOP_ANALYSIS = YES;
				CLANG_WARN_STRICT_PROTOTYPES = YES;
				CLANG_WARN_SUSPICIOUS_MOVE = YES;
				CLANG_WARN_UNGUARDED_AVAILABILITY = YES_AGGRESSIVE;
				CLANG_WARN_UNREACHABLE_CODE = YES;
				CLANG_WARN__DUPLICATE_METHOD_MATCH = YES;
				CODE_SIGN_IDENTITY = "iPhone Developer";
				COPY_PHASE_STRIP = NO;
				DEBUG_INFORMATION_FORMAT = dwarf;
				ENABLE_STRICT_OBJC_MSGSEND = YES;
				ENABLE_TESTABILITY = YES;
				GCC_C_LANGUAGE_STANDARD = gnu11;
				GCC_DYNAMIC_NO_PIC = NO;
				GCC_NO_COMMON_BLOCKS = YES;
				GCC_OPTIMIZATION_LEVEL = 0;
				GCC_PREPROCESSOR_DEFINITIONS = (
					"DEBUG=1",
					"$(inherited)",
				);
				GCC_WARN_64_TO_32_BIT_CONVERSION = YES;
				GCC_WARN_ABOUT_RETURN_TYPE = YES_ERROR;
				GCC_WARN_UNDECLARED_SELECTOR = YES;
				GCC_WARN_UNINITIALIZED_AUTOS = YES_AGGRESSIVE;
				GCC_WARN_UNUSED_FUNCTION = YES;
				GCC_WARN_UNUSED_VARIABLE = YES;
				IPHONEOS_DEPLOYMENT_TARGET = 12.1;
				MTL_ENABLE_DEBUG_INFO = INCLUDE_SOURCE;
				MTL_FAST_MATH = YES;
				ONLY_ACTIVE_ARCH = YES;
				SDKROOT = iphoneos;
				SWIFT_ACTIVE_COMPILATION_CONDITIONS = DEBUG;
				SWIFT_OPTIMIZATION_LEVEL = "-Onone";
			};
			name = Debug;
		};
		151482862228637400007BC1 /* Release */ = {
			isa = XCBuildConfiguration;
			buildSettings = {
				ALWAYS_SEARCH_USER_PATHS = NO;
				CLANG_ANALYZER_NONNULL = YES;
				CLANG_ANALYZER_NUMBER_OBJECT_CONVERSION = YES_AGGRESSIVE;
				CLANG_CXX_LANGUAGE_STANDARD = "gnu++14";
				CLANG_CXX_LIBRARY = "libc++";
				CLANG_ENABLE_MODULES = YES;
				CLANG_ENABLE_OBJC_ARC = YES;
				CLANG_ENABLE_OBJC_WEAK = YES;
				CLANG_WARN_BLOCK_CAPTURE_AUTORELEASING = YES;
				CLANG_WARN_BOOL_CONVERSION = YES;
				CLANG_WARN_COMMA = YES;
				CLANG_WARN_CONSTANT_CONVERSION = YES;
				CLANG_WARN_DEPRECATED_OBJC_IMPLEMENTATIONS = YES;
				CLANG_WARN_DIRECT_OBJC_ISA_USAGE = YES_ERROR;
				CLANG_WARN_DOCUMENTATION_COMMENTS = YES;
				CLANG_WARN_EMPTY_BODY = YES;
				CLANG_WARN_ENUM_CONVERSION = YES;
				CLANG_WARN_INFINITE_RECURSION = YES;
				CLANG_WARN_INT_CONVERSION = YES;
				CLANG_WARN_NON_LITERAL_NULL_CONVERSION = YES;
				CLANG_WARN_OBJC_IMPLICIT_RETAIN_SELF = YES;
				CLANG_WARN_OBJC_LITERAL_CONVERSION = YES;
				CLANG_WARN_OBJC_ROOT_CLASS = YES_ERROR;
				CLANG_WARN_RANGE_LOOP_ANALYSIS = YES;
				CLANG_WARN_STRICT_PROTOTYPES = YES;
				CLANG_WARN_SUSPICIOUS_MOVE = YES;
				CLANG_WARN_UNGUARDED_AVAILABILITY = YES_AGGRESSIVE;
				CLANG_WARN_UNREACHABLE_CODE = YES;
				CLANG_WARN__DUPLICATE_METHOD_MATCH = YES;
				CODE_SIGN_IDENTITY = "iPhone Developer";
				COPY_PHASE_STRIP = NO;
				DEBUG_INFORMATION_FORMAT = "dwarf-with-dsym";
				ENABLE_NS_ASSERTIONS = NO;
				ENABLE_STRICT_OBJC_MSGSEND = YES;
				GCC_C_LANGUAGE_STANDARD = gnu11;
				GCC_NO_COMMON_BLOCKS = YES;
				GCC_WARN_64_TO_32_BIT_CONVERSION = YES;
				GCC_WARN_ABOUT_RETURN_TYPE = YES_ERROR;
				GCC_WARN_UNDECLARED_SELECTOR = YES;
				GCC_WARN_UNINITIALIZED_AUTOS = YES_AGGRESSIVE;
				GCC_WARN_UNUSED_FUNCTION = YES;
				GCC_WARN_UNUSED_VARIABLE = YES;
				IPHONEOS_DEPLOYMENT_TARGET = 12.1;
				MTL_ENABLE_DEBUG_INFO = NO;
				MTL_FAST_MATH = YES;
				SDKROOT = iphoneos;
				SWIFT_COMPILATION_MODE = wholemodule;
				SWIFT_OPTIMIZATION_LEVEL = "-O";
				VALIDATE_PRODUCT = YES;
			};
			name = Release;
		};
		151482882228637400007BC1 /* Debug */ = {
			isa = XCBuildConfiguration;
			buildSettings = {
				ASSETCATALOG_COMPILER_APPICON_NAME = AppIcon;
				CODE_SIGN_STYLE = Automatic;
				DEVELOPMENT_TEAM = XMANY6P6JV;
				INFOPLIST_FILE = "Task Manager/Info.plist";
				LD_RUNPATH_SEARCH_PATHS = (
					"$(inherited)",
					"@executable_path/Frameworks",
				);
				PRODUCT_BUNDLE_IDENTIFIER = "siguena.Task-Manager";
				PRODUCT_NAME = "$(TARGET_NAME)";
				SWIFT_VERSION = 4.2;
				TARGETED_DEVICE_FAMILY = "1,2";
			};
			name = Debug;
		};
		151482892228637400007BC1 /* Release */ = {
			isa = XCBuildConfiguration;
			buildSettings = {
				ASSETCATALOG_COMPILER_APPICON_NAME = AppIcon;
				CODE_SIGN_STYLE = Automatic;
				DEVELOPMENT_TEAM = XMANY6P6JV;
				INFOPLIST_FILE = "Task Manager/Info.plist";
				LD_RUNPATH_SEARCH_PATHS = (
					"$(inherited)",
					"@executable_path/Frameworks",
				);
				PRODUCT_BUNDLE_IDENTIFIER = "siguena.Task-Manager";
				PRODUCT_NAME = "$(TARGET_NAME)";
				SWIFT_VERSION = 4.2;
				TARGETED_DEVICE_FAMILY = "1,2";
			};
			name = Release;
		};
/* End XCBuildConfiguration section */

/* Begin XCConfigurationList section */
		1514826D2228637100007BC1 /* Build configuration list for PBXProject "Task Manager" */ = {
			isa = XCConfigurationList;
			buildConfigurations = (
				151482852228637400007BC1 /* Debug */,
				151482862228637400007BC1 /* Release */,
			);
			defaultConfigurationIsVisible = 0;
			defaultConfigurationName = Release;
		};
		151482872228637400007BC1 /* Build configuration list for PBXNativeTarget "Task Manager" */ = {
			isa = XCConfigurationList;
			buildConfigurations = (
				151482882228637400007BC1 /* Debug */,
				151482892228637400007BC1 /* Release */,
			);
			defaultConfigurationIsVisible = 0;
			defaultConfigurationName = Release;
		};
/* End XCConfigurationList section */

/* Begin XCVersionGroup section */
		1514827C2228637100007BC1 /* Task_Manager.xcdatamodeld */ = {
			isa = XCVersionGroup;
			children = (
				1514827D2228637100007BC1 /* Task_Manager.xcdatamodel */,
			);
			currentVersion = 1514827D2228637100007BC1 /* Task_Manager.xcdatamodel */;
			path = Task_Manager.xcdatamodeld;
			sourceTree = "<group>";
			versionGroupType = wrapper.xcdatamodel;
		};
/* End XCVersionGroup section */
	};
	rootObject = 1514826A2228637100007BC1 /* Project object */;
}
